
Microsoft Visual Studio Solution File, Format Version 12.00
# Visual Studio Version 16
VisualStudioVersion = 16.0.30523.141
MinimumVisualStudioVersion = 10.0.40219.1
Project("{9A19103F-16F7-4668-BE54-9A1E7A4F7556}") = "CoreMentoringApp.WebSite", "CoreMentoringApp.WebSite\CoreMentoringApp.WebSite.csproj", "{98B1339E-19A4-4664-AB74-2D1C26FA6B73}"
EndProject
Project("{9A19103F-16F7-4668-BE54-9A1E7A4F7556}") = "CoreMentoringApp.Core", "CoreMentoringApp.Core\CoreMentoringApp.Core.csproj", "{BC6B0733-8D7C-4AC6-B6FE-6F80201DF0F1}"
EndProject
Project("{9A19103F-16F7-4668-BE54-9A1E7A4F7556}") = "CoreMentoringApp.Data", "CoreMentoringApp.Data\CoreMentoringApp.Data.csproj", "{630F9856-8F2C-4B8F-BA7A-6823B9F7BBFC}"
EndProject
Project("{9A19103F-16F7-4668-BE54-9A1E7A4F7556}") = "CoreMentoringApp.WebSite.Tests", "CoreMentoringApp.WebSite.Tests\CoreMentoringApp.WebSite.Tests.csproj", "{417F434E-A84F-4E50-8FEE-B9AA6AAAFC52}"
EndProject
Project("{9A19103F-16F7-4668-BE54-9A1E7A4F7556}") = "CoreMentoringApp.ConsoleRestClient", "CoreMentoringApp.ConsoleRestClient\CoreMentoringApp.ConsoleRestClient.csproj", "{4C78017D-6F93-45EA-A0CF-5DCA7F4744BF}"
EndProject
Project("{9A19103F-16F7-4668-BE54-9A1E7A4F7556}") = "CoreMentoringApp.HtmlJsRestClient", "CoreMentoringApp.HtmlJsRestClient\CoreMentoringApp.HtmlJsRestClient.csproj", "{ACCAF5B2-F40E-4791-9335-6CB371AC3CAE}"
EndProject
Project("{FAE04EC0-301F-11D3-BF4B-00C04F79EFBC}") = "CoreMentoringApp.WebSite.IntegrationTests", "CoreMentoringApp.WebSite.IntegrationTests\CoreMentoringApp.WebSite.IntegrationTests.csproj", "{A6760EC6-73A1-4141-9041-9B3AC34A81F0}"
EndProject
Global
	GlobalSection(SolutionConfigurationPlatforms) = preSolution
		Debug|Any CPU = Debug|Any CPU
		Release|Any CPU = Release|Any CPU
	EndGlobalSection
	GlobalSection(ProjectConfigurationPlatforms) = postSolution
		{98B1339E-19A4-4664-AB74-2D1C26FA6B73}.Debug|Any CPU.ActiveCfg = Debug|Any CPU
		{98B1339E-19A4-4664-AB74-2D1C26FA6B73}.Debug|Any CPU.Build.0 = Debug|Any CPU
		{98B1339E-19A4-4664-AB74-2D1C26FA6B73}.Release|Any CPU.ActiveCfg = Release|Any CPU
		{98B1339E-19A4-4664-AB74-2D1C26FA6B73}.Release|Any CPU.Build.0 = Release|Any CPU
		{BC6B0733-8D7C-4AC6-B6FE-6F80201DF0F1}.Debug|Any CPU.ActiveCfg = Debug|Any CPU
		{BC6B0733-8D7C-4AC6-B6FE-6F80201DF0F1}.Debug|Any CPU.Build.0 = Debug|Any CPU
		{BC6B0733-8D7C-4AC6-B6FE-6F80201DF0F1}.Release|Any CPU.ActiveCfg = Release|Any CPU
		{BC6B0733-8D7C-4AC6-B6FE-6F80201DF0F1}.Release|Any CPU.Build.0 = Release|Any CPU
		{630F9856-8F2C-4B8F-BA7A-6823B9F7BBFC}.Debug|Any CPU.ActiveCfg = Debug|Any CPU
		{630F9856-8F2C-4B8F-BA7A-6823B9F7BBFC}.Debug|Any CPU.Build.0 = Debug|Any CPU
		{630F9856-8F2C-4B8F-BA7A-6823B9F7BBFC}.Release|Any CPU.ActiveCfg = Release|Any CPU
		{630F9856-8F2C-4B8F-BA7A-6823B9F7BBFC}.Release|Any CPU.Build.0 = Release|Any CPU
		{417F434E-A84F-4E50-8FEE-B9AA6AAAFC52}.Debug|Any CPU.ActiveCfg = Debug|Any CPU
		{417F434E-A84F-4E50-8FEE-B9AA6AAAFC52}.Debug|Any CPU.Build.0 = Debug|Any CPU
		{417F434E-A84F-4E50-8FEE-B9AA6AAAFC52}.Release|Any CPU.ActiveCfg = Release|Any CPU
		{417F434E-A84F-4E50-8FEE-B9AA6AAAFC52}.Release|Any CPU.Build.0 = Release|Any CPU
		{4C78017D-6F93-45EA-A0CF-5DCA7F4744BF}.Debug|Any CPU.ActiveCfg = Debug|Any CPU
		{4C78017D-6F93-45EA-A0CF-5DCA7F4744BF}.Debug|Any CPU.Build.0 = Debug|Any CPU
		{4C78017D-6F93-45EA-A0CF-5DCA7F4744BF}.Release|Any CPU.ActiveCfg = Release|Any CPU
		{4C78017D-6F93-45EA-A0CF-5DCA7F4744BF}.Release|Any CPU.Build.0 = Release|Any CPU
		{ACCAF5B2-F40E-4791-9335-6CB371AC3CAE}.Debug|Any CPU.ActiveCfg = Debug|Any CPU
		{ACCAF5B2-F40E-4791-9335-6CB371AC3CAE}.Debug|Any CPU.Build.0 = Debug|Any CPU
		{ACCAF5B2-F40E-4791-9335-6CB371AC3CAE}.Release|Any CPU.ActiveCfg = Release|Any CPU
		{ACCAF5B2-F40E-4791-9335-6CB371AC3CAE}.Release|Any CPU.Build.0 = Release|Any CPU
		{A6760EC6-73A1-4141-9041-9B3AC34A81F0}.Debug|Any CPU.ActiveCfg = Debug|Any CPU
		{A6760EC6-73A1-4141-9041-9B3AC34A81F0}.Debug|Any CPU.Build.0 = Debug|Any CPU
		{A6760EC6-73A1-4141-9041-9B3AC34A81F0}.Release|Any CPU.ActiveCfg = Release|Any CPU
		{A6760EC6-73A1-4141-9041-9B3AC34A81F0}.Release|Any CPU.Build.0 = Release|Any CPU
	EndGlobalSection
	GlobalSection(SolutionProperties) = preSolution
		HideSolutionNode = FALSE
	EndGlobalSection
	GlobalSection(ExtensibilityGlobals) = postSolution
		SolutionGuid = {19B87445-2ACC-49F0-9915-8EE826A8BE3C}
	EndGlobalSection
EndGlobal
